
Microsoft Visual Studio Solution File, Format Version 12.00
# Visual Studio Version 17
VisualStudioVersion = 17.10.35013.160
MinimumVisualStudioVersion = 10.0.40219.1
Project("{9A19103F-16F7-4668-BE54-9A1E7A4F7556}") = "DayOne", "DayOne\DayOne.csproj", "{4842B7A0-F58E-4351-95E0-E6CA1E1035C7}"
EndProject
Project("{9A19103F-16F7-4668-BE54-9A1E7A4F7556}") = "DayTwo", "DayTwo\DayTwo.csproj", "{E112D770-3C73-4AD6-8175-5579621D2803}"
EndProject
Project("{9A19103F-16F7-4668-BE54-9A1E7A4F7556}") = "DayThree", "DayThree\DayThree.csproj", "{4A4A4CB1-90D2-41DA-9419-154573452F1A}"
EndProject
Project("{FAE04EC0-301F-11D3-BF4B-00C04F79EFBC}") = "DayFour", "DayFour\DayFour.csproj", "{185F736D-9ADB-41A1-BB25-B96CE8A44C29}"
EndProject
Project("{FAE04EC0-301F-11D3-BF4B-00C04F79EFBC}") = "DayFive", "DayFive\DayFive.csproj", "{BD6A5AB3-4D18-437F-B6A8-7D046F1DC642}"
EndProject
Global
	GlobalSection(SolutionConfigurationPlatforms) = preSolution
		Debug|Any CPU = Debug|Any CPU
		Release|Any CPU = Release|Any CPU
	EndGlobalSection
	GlobalSection(ProjectConfigurationPlatforms) = postSolution
		{4842B7A0-F58E-4351-95E0-E6CA1E1035C7}.Debug|Any CPU.ActiveCfg = Debug|Any CPU
		{4842B7A0-F58E-4351-95E0-E6CA1E1035C7}.Debug|Any CPU.Build.0 = Debug|Any CPU
		{4842B7A0-F58E-4351-95E0-E6CA1E1035C7}.Release|Any CPU.ActiveCfg = Release|Any CPU
		{4842B7A0-F58E-4351-95E0-E6CA1E1035C7}.Release|Any CPU.Build.0 = Release|Any CPU
		{E112D770-3C73-4AD6-8175-5579621D2803}.Debug|Any CPU.ActiveCfg = Debug|Any CPU
		{E112D770-3C73-4AD6-8175-5579621D2803}.Debug|Any CPU.Build.0 = Debug|Any CPU
		{E112D770-3C73-4AD6-8175-5579621D2803}.Release|Any CPU.ActiveCfg = Release|Any CPU
		{E112D770-3C73-4AD6-8175-5579621D2803}.Release|Any CPU.Build.0 = Release|Any CPU
		{4A4A4CB1-90D2-41DA-9419-154573452F1A}.Debug|Any CPU.ActiveCfg = Debug|Any CPU
		{4A4A4CB1-90D2-41DA-9419-154573452F1A}.Debug|Any CPU.Build.0 = Debug|Any CPU
		{4A4A4CB1-90D2-41DA-9419-154573452F1A}.Release|Any CPU.ActiveCfg = Release|Any CPU
		{4A4A4CB1-90D2-41DA-9419-154573452F1A}.Release|Any CPU.Build.0 = Release|Any CPU
		{185F736D-9ADB-41A1-BB25-B96CE8A44C29}.Debug|Any CPU.ActiveCfg = Debug|Any CPU
		{185F736D-9ADB-41A1-BB25-B96CE8A44C29}.Debug|Any CPU.Build.0 = Debug|Any CPU
		{185F736D-9ADB-41A1-BB25-B96CE8A44C29}.Release|Any CPU.ActiveCfg = Release|Any CPU
		{185F736D-9ADB-41A1-BB25-B96CE8A44C29}.Release|Any CPU.Build.0 = Release|Any CPU
		{BD6A5AB3-4D18-437F-B6A8-7D046F1DC642}.Debug|Any CPU.ActiveCfg = Debug|Any CPU
		{BD6A5AB3-4D18-437F-B6A8-7D046F1DC642}.Debug|Any CPU.Build.0 = Debug|Any CPU
		{BD6A5AB3-4D18-437F-B6A8-7D046F1DC642}.Release|Any CPU.ActiveCfg = Release|Any CPU
		{BD6A5AB3-4D18-437F-B6A8-7D046F1DC642}.Release|Any CPU.Build.0 = Release|Any CPU
	EndGlobalSection
	GlobalSection(SolutionProperties) = preSolution
		HideSolutionNode = FALSE
	EndGlobalSection
	GlobalSection(ExtensibilityGlobals) = postSolution
		SolutionGuid = {BE00DF29-5BBF-4FCB-B623-AD74E54E53B8}
	EndGlobalSection
EndGlobal
